
Microsoft Visual Studio Solution File, Format Version 12.00
# Visual Studio Version 17
VisualStudioVersion = 17.9.34622.214
MinimumVisualStudioVersion = 10.0.40219.1
Project("{E24C65DC-7377-472B-9ABA-BC803B73C61A}") = "site", ".", "{5E4D8797-B045-482C-AB2B-401C1DEF22F0}"
	ProjectSection(WebsiteProperties) = preProject
		TargetFrameworkMoniker = ".NETFramework,Version%3Dv4.8"
		Debug.AspNetCompiler.VirtualPath = "/localhost_62358"
		Debug.AspNetCompiler.PhysicalPath = "..\..\..\..\..\Work\Brown Cow\Jenni\site\"
		Debug.AspNetCompiler.TargetPath = "PrecompiledWeb\localhost_62358\"
		Debug.AspNetCompiler.Updateable = "true"
		Debug.AspNetCompiler.ForceOverwrite = "true"
		Debug.AspNetCompiler.FixedNames = "false"
		Debug.AspNetCompiler.Debug = "True"
		Release.AspNetCompiler.VirtualPath = "/localhost_62358"
		Release.AspNetCompiler.PhysicalPath = "..\..\..\..\..\Work\Brown Cow\Jenni\site\"
		Release.AspNetCompiler.TargetPath = "PrecompiledWeb\localhost_62358\"
		Release.AspNetCompiler.Updateable = "true"
		Release.AspNetCompiler.ForceOverwrite = "true"
		Release.AspNetCompiler.FixedNames = "false"
		Release.AspNetCompiler.Debug = "False"
		VWDPort = "62358"
	EndProjectSection
EndProject
Global
	GlobalSection(SolutionConfigurationPlatforms) = preSolution
		Debug|Any CPU = Debug|Any CPU
	EndGlobalSection
	GlobalSection(ProjectConfigurationPlatforms) = postSolution
		{5E4D8797-B045-482C-AB2B-401C1DEF22F0}.Debug|Any CPU.ActiveCfg = Debug|Any CPU
		{5E4D8797-B045-482C-AB2B-401C1DEF22F0}.Debug|Any CPU.Build.0 = Debug|Any CPU
	EndGlobalSection
	GlobalSection(SolutionProperties) = preSolution
		HideSolutionNode = FALSE
	EndGlobalSection
	GlobalSection(ExtensibilityGlobals) = postSolution
		SolutionGuid = {E3FF9F04-5AA1-47C1-8491-356BC85688E5}
	EndGlobalSection
EndGlobal
